Microsoft Visual Studio Solution File, Format Version 11.00
# Visual Studio 2008

Project("{CDBE710E-6C24-7CC3-ED1A-2FC24DE1EB48}") = "2d-shooting-game-master", "Assembly-CSharp.csproj", "{77614BEC-56B1-4F5A-C4D6-F6011628BD65}"
EndProject
Global
	GlobalSection(SolutionConfigurationPlatforms) = preSolution
		Debug|Any CPU = Debug|Any CPU
		Release|Any CPU = Release|Any CPU
	EndGlobalSection
	GlobalSection(ProjectConfigurationPlatforms) = postSolution
		{77614BEC-56B1-4F5A-C4D6-F6011628BD65}.Debug|Any CPU.ActiveCfg = Debug|Any CPU
		{77614BEC-56B1-4F5A-C4D6-F6011628BD65}.Debug|Any CPU.Build.0 = Debug|Any CPU
		{77614BEC-56B1-4F5A-C4D6-F6011628BD65}.Release|Any CPU.ActiveCfg = Release|Any CPU
		{77614BEC-56B1-4F5A-C4D6-F6011628BD65}.Release|Any CPU.Build.0 = Release|Any CPU
	EndGlobalSection
	GlobalSection(SolutionProperties) = preSolution
		HideSolutionNode = FALSE
	EndGlobalSection
	GlobalSection(MonoDevelopProperties) = preSolution
		StartupItem = Assembly-CSharp.csproj
	EndGlobalSection
EndGlobal
